{
	"name": "retext-english",
	"version": "3.0.0",
	"lockfileVersion": 1,
	"requires": true,
	"dependencies": {
		"array-iterate": {
			"version": "1.1.2",
			"resolved": "https://registry.npmjs.org/array-iterate/-/array-iterate-1.1.2.tgz",
			"integrity": "sha512-1hWSHTIlG/8wtYD+PPX5AOBtKWngpDFjrsrHgZpe+JdgNGz0udYu6ZIkAa/xuenIUEqFv7DvE2Yr60jxweJSrQ=="
		},
		"gk-test-a": {
			"version": "11.2.1",
			"resolved": "https://registry.npmjs.org/gk-test-a/-/gk-test-a-11.2.1.tgz",
			"integrity": "sha512-1KZiqjEHmjVxuQKJcOnfEyFxadqFOLas3GD2WRlhEuwwIEg9/7sofFnRd5Nc21gj2ZhecUdVFoK/1HjDoxZ5Lw=="
		},
		"gk-test-c": {
			"version": "11.2.1",
			"resolved": "https://registry.npmjs.org/gk-test-c/-/gk-test-c-11.2.1.tgz",
			"integrity": "sha512-TfUzRPXyWi+f0wEu1Ryc+KAX9Vn/ulXHlzcD+qA547h7K8/eV9ljIWh0QNUim8opXjda0KN3p6Mk0o6bEPq0RQ==",
			"dev": true
		},
		"inherits": {
			"version": "2.0.3",
			"resolved": "https://registry.npmjs.org/inherits/-/inherits-2.0.3.tgz",
			"integrity": "sha1-Yzwsg+PaQqUC9SRmAiSA9CCCYd4="
		},
		"nlcst-to-string": {
			"version": "2.0.2",
			"resolved": "https://registry.npmjs.org/nlcst-to-string/-/nlcst-to-string-2.0.2.tgz",
			"integrity": "sha512-DV7wVvMcAsmZ5qEwvX1JUNF4lKkAAKbChwNlIH7NLsPR7LWWoeIt53YlZ5CQH5KDXEXQ9Xa3mw0PbPewymrtew=="
		},
		"parse-english": {
			"version": "4.1.1",
			"resolved": "https://registry.npmjs.org/parse-english/-/parse-english-4.1.1.tgz",
			"integrity": "sha512-g7hegR9AFIlGXl5645mG8nQeeWW7SrK7lgmgIWR0KKWvGyZO5mxa4GGoNxRLm6VW2LGpLnn6g4O9yyLJQ4IzQw==",
			"requires": {
				"nlcst-to-string": "^2.0.0",
				"parse-latin": "^4.0.0",
				"unist-util-modify-children": "^1.0.0",
				"unist-util-visit-children": "^1.0.0"
			}
		},
		"parse-latin": {
			"version": "4.1.1",
			"resolved": "https://registry.npmjs.org/parse-latin/-/parse-latin-4.1.1.tgz",
			"integrity": "sha512-9fPVvDdw6G8LxL3o/PL6IzSGNGpF+3HEjCzFe0dN83sZPstftyr+McP9dNi3+EnR7ICYOHbHKCZ0l7JD90K5xQ==",
			"requires": {
				"nlcst-to-string": "^2.0.0",
				"unist-util-modify-children": "^1.0.0",
				"unist-util-visit-children": "^1.0.0"
			}
		},
		"unherit": {
			"version": "1.1.1",
			"resolved": "https://registry.npmjs.org/unherit/-/unherit-1.1.1.tgz",
			"integrity": "sha512-+XZuV691Cn4zHsK0vkKYwBEwB74T3IZIcxrgn2E4rKwTfFyI1zCh7X7grwh9Re08fdPlarIdyWgI8aVB3F5A5g==",
			"requires": {
				"inherits": "^2.0.1",
				"xtend": "^4.0.1"
			}
		},
		"unist-util-modify-children": {
			"version": "1.1.3",
			"resolved": "https://registry.npmjs.org/unist-util-modify-children/-/unist-util-modify-children-1.1.3.tgz",
			"integrity": "sha512-Aw3Us+NPrJGYWyLhcaqYzgxd/pryIanDNHVVvwdtTEEQ3Yfa/+sjnT2EeAAHbtTMAaYEdPW3XN6jxbzVWAo/BQ==",
			"requires": {
				"array-iterate": "^1.0.0"
			}
		},
		"unist-util-visit-children": {
			"version": "1.1.2",
			"resolved": "https://registry.npmjs.org/unist-util-visit-children/-/unist-util-visit-children-1.1.2.tgz",
			"integrity": "sha512-q4t6aprUcSQ2/+xlswuh2wUKwUUuMmDjSkfwkMjeVwCXc8NqX8g0FSmNf68CznCmbkrsOPDUR0wj14bCFXXqbA=="
		},
		"xtend": {
			"version": "4.0.1",
			"resolved": "https://registry.npmjs.org/xtend/-/xtend-4.0.1.tgz",
			"integrity": "sha1-pcbVMr5lbiPbgg77lDofBJmNY68="
		}
	}
}
