{
	"name": "retext-dutch",
	"version": "3.0.0",
	"lockfileVersion": 1,
	"requires": true,
	"dependencies": {
		"array-iterate": {
			"version": "1.1.2",
			"resolved": "https://registry.npmjs.org/array-iterate/-/array-iterate-1.1.2.tgz",
			"integrity": "sha512-1hWSHTIlG/8wtYD+PPX5AOBtKWngpDFjrsrHgZpe+JdgNGz0udYu6ZIkAa/xuenIUEqFv7DvE2Yr60jxweJSrQ=="
		},
		"clone": {
			"version": "1.0.4",
			"resolved": "https://registry.npmjs.org/clone/-/clone-1.0.4.tgz",
			"integrity": "sha1-2jCcwmPfFZlMaIypAheco8fNfH4="
		},
		"gk-test-a": {
			"version": "7.1.6",
			"resolved": "https://registry.npmjs.org/gk-test-a/-/gk-test-a-7.1.6.tgz",
			"integrity": "sha512-WR9djD+igq3QIBSE8cpYXy86wJmwZwjIAm2k084AHdJ7DP1qwdyr61VfjGqMUDliRqhFi2AUXLR7+UuotbOytg=="
		},
		"inherits": {
			"version": "2.0.3",
			"resolved": "https://registry.npmjs.org/inherits/-/inherits-2.0.3.tgz",
			"integrity": "sha1-Yzwsg+PaQqUC9SRmAiSA9CCCYd4="
		},
		"lodash": {
			"version": "4.17.4",
			"resolved": "https://registry.npmjs.org/lodash/-/lodash-4.17.4.tgz",
			"integrity": "sha1-eCA6TRwyiuHYbcpkYONptX9AVa4="
		},
		"neighbourhoodie-test-package": {
			"version": "67.0.0",
			"resolved": "https://registry.npmjs.org/neighbourhoodie-test-package/-/neighbourhoodie-test-package-67.0.0.tgz",
			"integrity": "sha512-s5QfrkrPnOYMwDFGTs7t0uIQw9TGfC9AMJFovjJ6Izl25ijD9d6R2NGX3DaXah4oT2Yw2VI3aYcXP7fRa7iADg==",
			"requires": {
				"lodash": "4.17.4"
			}
		},
		"nlcst-to-string": {
			"version": "2.0.2",
			"resolved": "https://registry.npmjs.org/nlcst-to-string/-/nlcst-to-string-2.0.2.tgz",
			"integrity": "sha512-DV7wVvMcAsmZ5qEwvX1JUNF4lKkAAKbChwNlIH7NLsPR7LWWoeIt53YlZ5CQH5KDXEXQ9Xa3mw0PbPewymrtew=="
		},
		"parse-dutch": {
			"version": "4.0.0",
			"resolved": "https://registry.npmjs.org/parse-dutch/-/parse-dutch-4.0.0.tgz",
			"integrity": "sha1-Cjwic6wIule9/u9zdiLrtuZOjA4=",
			"requires": {
				"nlcst-to-string": "2.0.2",
				"parse-latin": "4.1.1",
				"unist-util-modify-children": "1.1.2",
				"unist-util-visit-children": "1.1.2"
			}
		},
		"parse-latin": {
			"version": "4.1.1",
			"resolved": "https://registry.npmjs.org/parse-latin/-/parse-latin-4.1.1.tgz",
			"integrity": "sha512-9fPVvDdw6G8LxL3o/PL6IzSGNGpF+3HEjCzFe0dN83sZPstftyr+McP9dNi3+EnR7ICYOHbHKCZ0l7JD90K5xQ==",
			"requires": {
				"nlcst-to-string": "2.0.2",
				"unist-util-modify-children": "1.1.2",
				"unist-util-visit-children": "1.1.2"
			}
		},
		"unherit": {
			"version": "1.0.4",
			"resolved": "https://registry.npmjs.org/unherit/-/unherit-1.0.4.tgz",
			"integrity": "sha1-ubz2SH3QTUeCZlgC27S08F1hhQM=",
			"requires": {
				"clone": "1.0.4",
				"inherits": "2.0.3"
			}
		},
		"unist-util-modify-children": {
			"version": "1.1.2",
			"resolved": "https://registry.npmjs.org/unist-util-modify-children/-/unist-util-modify-children-1.1.2.tgz",
			"integrity": "sha512-GRi04yhng1WqBf5RBzPkOtWAadcZS2gvuOgNn/cyJBYNxtTuyYqTKN0eg4rC1YJwGnzrqfRB3dSKm8cNCjNirg==",
			"requires": {
				"array-iterate": "1.1.2"
			}
		},
		"unist-util-visit-children": {
			"version": "1.1.2",
			"resolved": "https://registry.npmjs.org/unist-util-visit-children/-/unist-util-visit-children-1.1.2.tgz",
			"integrity": "sha512-q4t6aprUcSQ2/+xlswuh2wUKwUUuMmDjSkfwkMjeVwCXc8NqX8g0FSmNf68CznCmbkrsOPDUR0wj14bCFXXqbA=="
		}
	}
}
